{
  "name": "@positive-numbers/ten",
  "version": "1.0.0",
  "lockfileVersion": 3,
  "requires": true,
  "packages": {
    "": {
      "name": "@positive-numbers/ten",
      "version": "1.0.0",
      "license": "ISC",
      "dependencies": {
        "the-number-ten": "*"
      }
    },
    "node_modules/garbage": {
      "version": "0.0.0",
      "resolved": "https://registry.npmjs.org/garbage/-/garbage-0.0.0.tgz",
      "integrity": "sha512-H6aACE1NZqy5UEeAab8QbIKKkoDQHRyZt/nb0EquosnNf1z0wOwAHvnNZDh6H4F2McW3mseV+zy7aQzzhFJ2TQ==",
      "license": "MIT/X11",
      "engines": {
        "node": "*"
      }
    },
    "node_modules/is-positive-integer": {
      "version": "1.1.1",
      "resolved": "https://registry.npmjs.org/is-positive-integer/-/is-positive-integer-1.1.1.tgz",
      "integrity": "sha512-T6luDwx35p373DEOLlrsJ2OBg13BPu5XJqrUTKatMBJz0zaNgbv14evf/1Ktv0WuGl/iPUbbgjTNpVEI23Ijog==",
      "license": "MIT"
    },
    "node_modules/jquery": {
      "version": "3.7.1",
      "resolved": "https://registry.npmjs.org/jquery/-/jquery-3.7.1.tgz",
      "integrity": "sha512-m4avr8yL8kmFN8psrbFFFmB/If14iN5o9nw/NgnnM+kybDJpRsAynV2BsfpTYrTRysYUdADVD7CkUUizgkpLfg==",
      "license": "MIT"
    },
    "node_modules/jquery-basic-arithmetic-plugin": {
      "version": "1.1.0",
      "resolved": "https://registry.npmjs.org/jquery-basic-arithmetic-plugin/-/jquery-basic-arithmetic-plugin-1.1.0.tgz",
      "integrity": "sha512-LVlFKgsgDOd47AkI9LhhtyPMB7E77f9GKUl7YMdB5+Ct7pkx/XIdPAWJkOPmfifoTDH9ccEY1y7gR5VyQr7CyA=="
    },
    "node_modules/jsfruit": {
      "version": "1.1.0",
      "resolved": "https://registry.npmjs.org/jsfruit/-/jsfruit-1.1.0.tgz",
      "integrity": "sha512-On3qd9PNYR+3i6U4bzEV0y8X4x+ApKckb/sGkre/Z3cupJk3rukKkK9Ct2IdBRbuosA2L5OQipjWKgON4esKvg==",
      "license": "MIT"
    },
    "node_modules/libguacamole": {
      "version": "1.0.0",
      "resolved": "https://registry.npmjs.org/libguacamole/-/libguacamole-1.0.0.tgz",
      "integrity": "sha512-M6hklU9K2XU5KuoPq+2js5362RbvnKm5N2cy3mxIaivVvWTaqFX2Og/hB+YVTaGUFWfRtu1pvsH9jJ7M6rLI0A==",
      "license": "MIT",
      "dependencies": {
        "is-positive-integer": "^1.1.1"
      }
    },
    "node_modules/libvegetable": {
      "version": "1.0.0",
      "resolved": "https://registry.npmjs.org/libvegetable/-/libvegetable-1.0.0.tgz",
      "integrity": "sha512-qSRAZ40DZpFv7wN8U6LCOZUcolZMZDyM0+0k8KR+3zQqE3+0j4ZU9Xx81VWXZ0j+ssOeje3qv82vyCl5g/53cw==",
      "license": "MIT",
      "dependencies": {
        "jsfruit": "^1.1.0",
        "libguacamole": "^1.0.0"
      }
    },
    "node_modules/none": {
      "version": "1.0.0",
      "resolved": "https://registry.npmjs.org/none/-/none-1.0.0.tgz",
      "integrity": "sha512-i7zGuWTL3GPeD6N6qm8dP7dpxI6Tj/NXACKZh1j2b/P0/h3Drv5r074gyAwuENJ0A7H9JJb0ic2spGbliXhMdA==",
      "license": "Apache-2.0"
    },
    "node_modules/the-number-one": {
      "version": "1.0.1",
      "resolved": "https://registry.npmjs.org/the-number-one/-/the-number-one-1.0.1.tgz",
      "integrity": "sha512-gDOR0DbPQLlQGZ08didxsZ9iT42qGdex1MAToDdETOksmVDU/eoORx7ov7kgRKBYvocoRmebySuZZQTfoZ7+XA==",
      "license": "MIT"
    },
    "node_modules/the-number-ten": {
      "version": "0.0.2",
      "resolved": "https://registry.npmjs.org/the-number-ten/-/the-number-ten-0.0.2.tgz",
      "integrity": "sha512-mCQPPxTFIi1v6LJvHM2w5xOtQG6WMD2o6kJt5iRcOLpZIBevIB+66nNKV/3Cq9BLcvOu6HRmWWkZ0D7euk/Qbg==",
      "license": "UNLICENSED",
      "dependencies": {
        "garbage": "^0.0.0",
        "jquery": "^3.7.1",
        "jquery-basic-arithmetic-plugin": "^1.1.0",
        "libvegetable": "^1.0.0",
        "none": "^1.0.0",
        "the-number-one": "^1.0.1",
        "vanilla-javascript": "^1.1.1",
        "vapor-js-npm": "^1.4.6"
      }
    },
    "node_modules/vanilla-javascript": {
      "version": "1.1.6",
      "resolved": "https://registry.npmjs.org/vanilla-javascript/-/vanilla-javascript-1.1.6.tgz",
      "integrity": "sha512-wry8BlEUXvmRIGGcOhhqObC4f3y2abNPP6AGh7cSoTEJ1AZeVRxPjBfGzbFs8d+iSuzLg/n9AfHoH6RfwYNSsA==",
      "license": "MIT",
      "engines": {
        "node": ">=0.0.1"
      }
    },
    "node_modules/vapor-js-npm": {
      "version": "1.4.6",
      "resolved": "https://registry.npmjs.org/vapor-js-npm/-/vapor-js-npm-1.4.6.tgz",
      "integrity": "sha512-sPp82LGKFeoortK6ifuV9UgmA6INuz3Scl9hppNskn2TfFmwjKKiyouUkjfxRXfPSfMsLPDHaVjJTj6vZDY5kw=="
    }
  }
}
