{
  "name": "@positive-numbers/seven",
  "version": "1.0.0",
  "lockfileVersion": 3,
  "requires": true,
  "packages": {
    "": {
      "name": "@positive-numbers/seven",
      "version": "1.0.0",
      "license": "ISC",
      "dependencies": {
        "integer-value-positive-seven": "*"
      }
    },
    "node_modules/integer-value-positive-seven": {
      "version": "1.0.1",
      "resolved": "https://registry.npmjs.org/integer-value-positive-seven/-/integer-value-positive-seven-1.0.1.tgz",
      "integrity": "sha512-ERnQYjZE8iZ5gnE46NOZXHwkN0UN0DL7NFpVA4guQtf+R4+rNGM0Dp1ZMkx7hCODhEeJ1MCMp+cmAVHiEyLwGA==",
      "license": "MIT",
      "dependencies": {
        "se7en": "^1.0.0"
      }
    },
    "node_modules/se7en": {
      "version": "1.0.0",
      "resolved": "https://registry.npmjs.org/se7en/-/se7en-1.0.0.tgz",
      "integrity": "sha512-0rdyKToWsGnvDHwBK2+rIf3HUafoK5tatmg9SI9HskJ0kr4WuQc10CdDvY+CS1hEG1OCkWeNJ1yJyZEn4cfLVA==",
      "license": "UNLICENSED"
    }
  }
}
