{
  "name": "@positive-numbers/forty-two",
  "version": "1.0.0",
  "lockfileVersion": 3,
  "requires": true,
  "packages": {
    "": {
      "name": "@positive-numbers/forty-two",
      "version": "1.0.0",
      "license": "ISC",
      "dependencies": {
        "the-answer-to-the-ultimate-question-of-life-the-universe-and-everything": "*"
      }
    },
    "node_modules/the-answer-to-the-ultimate-question-of-life-the-universe-and-everything": {
      "version": "1.0.0",
      "resolved": "https://registry.npmjs.org/the-answer-to-the-ultimate-question-of-life-the-universe-and-everything/-/the-answer-to-the-ultimate-question-of-life-the-universe-and-everything-1.0.0.tgz",
      "integrity": "sha512-PVC+kyiuWcasCmyrpn/OYO3nC/Nj5XnEiUyw8aRaFquW/N/fMSkrRwb2JtO8Ir7n9SEqxtNz2wD2ERLmSUcVBg==",
      "deprecated": "Package no longer supported. Contact Support at https://www.npmjs.com/support for more info.",
      "license": "MIT"
    }
  }
}
