{
  "name": "@positive-numbers/thirteen",
  "version": "1.0.0",
  "lockfileVersion": 3,
  "requires": true,
  "packages": {
    "": {
      "name": "@positive-numbers/thirteen",
      "version": "1.0.0",
      "license": "ISC",
      "dependencies": {
        "always-thirteen": "*"
      }
    },
    "node_modules/always-thirteen": {
      "version": "1.0.3",
      "resolved": "https://registry.npmjs.org/always-thirteen/-/always-thirteen-1.0.3.tgz",
      "integrity": "sha512-/iOEcrg6APXfpm9V2Cf/5hs3Ub1SssDuqjwdY9lwp/9L7hfl3Co4/G9eFVspspLEG5IrmvcV4665rO+qj13dSw==",
      "license": "ISC"
    }
  }
}
