{
  "name": "@positive-numbers/four",
  "version": "1.0.0",
  "lockfileVersion": 3,
  "requires": true,
  "packages": {
    "": {
      "name": "@positive-numbers/four",
      "version": "1.0.0",
      "license": "ISC",
      "dependencies": {
        "integer-value-positive-four": "*"
      }
    },
    "node_modules/add-two-numbers2": {
      "version": "1.0.0",
      "resolved": "https://registry.npmjs.org/add-two-numbers2/-/add-two-numbers2-1.0.0.tgz",
      "integrity": "sha512-9sLESzMOsslRDm2LBjjBXlnd62W5rwLTbb7hkJ0WQTpO870AxOi1RPPhITslHXSwRV//wRwzJE34cH1LaEu2LA==",
      "license": "MIT"
    },
    "node_modules/five": {
      "version": "0.8.0",
      "resolved": "https://registry.npmjs.org/five/-/five-0.8.0.tgz",
      "integrity": "sha512-kx1sT4ZGNZQfOY31NBPJnbPjQ4BLinR9Wu9pmkUYlwx3A9U9QxJGhk2Ro4Fs2Ayn4tptVep/n8vjydKBVUKHYg==",
      "license": "MIT"
    },
    "node_modules/integer-value-positive-four": {
      "version": "1.0.0",
      "resolved": "https://registry.npmjs.org/integer-value-positive-four/-/integer-value-positive-four-1.0.0.tgz",
      "integrity": "sha512-W69dNRTP2kYIZr+wTtAXPZwrcoNuvZ5c7hpc2kzSqxob71zvpSAPBoy7rxiEV6g/PwSUI2+HXYd4xJ+8qRPLaw==",
      "license": "MIT",
      "dependencies": {
        "integer-value-positive-three": "^1.0.0",
        "lodash.constant": "^3.0.0",
        "successor": "^1.0.1",
        "yanoop": "^1.0.0"
      }
    },
    "node_modules/integer-value-positive-three": {
      "version": "1.0.0",
      "resolved": "https://registry.npmjs.org/integer-value-positive-three/-/integer-value-positive-three-1.0.0.tgz",
      "integrity": "sha512-+nVbyGzM7mGtZXqYyqrxDa95roMLA3bp2BKPOYrIIh6M2zyfNXyvQ0D4S5EZZr3RHIjepkFCxRCq8RXhP82Oag==",
      "license": "MIT",
      "dependencies": {
        "add-two-numbers2": "^1.0.0",
        "five": "^0.8.0",
        "jquery-basic-arithmetic-plugin": "^1.1.0",
        "make-jquery-global": "^1.0.1"
      }
    },
    "node_modules/is-negative": {
      "version": "2.1.0",
      "resolved": "https://registry.npmjs.org/is-negative/-/is-negative-2.1.0.tgz",
      "integrity": "sha512-+iCKT4ZcvjRnjkHnQjZ8/qfciLLGD8BFKS0GNR5VjDU6jEiwh899R0GSMkaYcuTNd7fEKXb3Qib0webe6HczNw==",
      "license": "MIT",
      "engines": {
        "node": ">=0.10.0"
      }
    },
    "node_modules/is-number": {
      "version": "7.0.0",
      "resolved": "https://registry.npmjs.org/is-number/-/is-number-7.0.0.tgz",
      "integrity": "sha512-41Cifkg6e8TylSpdtTpeLVMqvSBEVzTttHvERD741+pnZ8ANv0004MRL43QKPDlK9cGvNp6NZWZUBlbGXYxxng==",
      "license": "MIT",
      "engines": {
        "node": ">=0.12.0"
      }
    },
    "node_modules/jquery": {
      "version": "3.7.1",
      "resolved": "https://registry.npmjs.org/jquery/-/jquery-3.7.1.tgz",
      "integrity": "sha512-m4avr8yL8kmFN8psrbFFFmB/If14iN5o9nw/NgnnM+kybDJpRsAynV2BsfpTYrTRysYUdADVD7CkUUizgkpLfg==",
      "license": "MIT"
    },
    "node_modules/jquery-basic-arithmetic-plugin": {
      "version": "1.1.0",
      "resolved": "https://registry.npmjs.org/jquery-basic-arithmetic-plugin/-/jquery-basic-arithmetic-plugin-1.1.0.tgz",
      "integrity": "sha512-LVlFKgsgDOd47AkI9LhhtyPMB7E77f9GKUl7YMdB5+Ct7pkx/XIdPAWJkOPmfifoTDH9ccEY1y7gR5VyQr7CyA=="
    },
    "node_modules/lodash.constant": {
      "version": "3.0.0",
      "resolved": "https://registry.npmjs.org/lodash.constant/-/lodash.constant-3.0.0.tgz",
      "integrity": "sha512-X5XMrB+SdI1mFa81162NSTo/YNd23SLdLOLzcXTwS4inDZ5YCL8X67UFzZJAH4CqIa6R8cr56CShfA5K5MFiYQ==",
      "license": "MIT"
    },
    "node_modules/make-jquery-global": {
      "version": "1.0.1",
      "resolved": "https://registry.npmjs.org/make-jquery-global/-/make-jquery-global-1.0.1.tgz",
      "integrity": "sha512-66J59vk2sYztuptFPQQ/aQNRfc4gfwLhpHHq8Dmtnc9e2li6A5A5T/QkZ6VUoVSWLdd/F5C4fr5zX0Qmfk4lAw==",
      "license": "MIT",
      "dependencies": {
        "jquery": "^3.7.1"
      }
    },
    "node_modules/successor": {
      "version": "1.0.1",
      "resolved": "https://registry.npmjs.org/successor/-/successor-1.0.1.tgz",
      "integrity": "sha512-xKiQSxuJBTUIFhDYbkhw2yQR3C6igFo/+OYbLQDjLqtlpthn2TorUyQ0QMrwA8wdQQo8dQqDsibYQvedIsJxNA==",
      "license": "MIT",
      "dependencies": {
        "is-negative": "^2.1.0",
        "is-number": "^7.0.0",
        "true": "^0.0.4"
      }
    },
    "node_modules/true": {
      "version": "0.0.4",
      "resolved": "https://registry.npmjs.org/true/-/true-0.0.4.tgz",
      "integrity": "sha512-e7hkFCda5y51OTE4eQHVPFbuljGnOpzrVcigGM5Pd9+Bw1bEsHCq3mVIm/z/O5Mh1bXtVPNxUV8oCl/dMunlRg==",
      "license": "Apache-2.0",
      "bin": {
        "true": "bin/cli.js"
      }
    },
    "node_modules/yanoop": {
      "version": "1.0.0",
      "resolved": "https://registry.npmjs.org/yanoop/-/yanoop-1.0.0.tgz",
      "integrity": "sha512-P/Zkeo4BUlzLSMUO1P7yls8Bca/w6wlty/CUX5jplTW8Gc0MteQ6cu9fiI/jhxJ6FyPs1gi0dWTWwX5MeEM8IA==",
      "license": "MIT"
    }
  }
}
