{
  "name": "@positive-numbers/zero",
  "version": "1.0.0",
  "lockfileVersion": 3,
  "requires": true,
  "packages": {
    "": {
      "name": "@positive-numbers/zero",
      "version": "1.0.0",
      "license": "ISC",
      "dependencies": {
        "number-zero": "*"
      }
    },
    "node_modules/number-zero": {
      "version": "1.0.3",
      "resolved": "https://registry.npmjs.org/number-zero/-/number-zero-1.0.3.tgz",
      "integrity": "sha512-6YL56eHS1uOILhwxk/d53W9vF1HHS0AjlH3WVw5b9xiMX59Sa7l4RD3AcKir46yrb2Rz/n+3Svu2tL7YOzAuvg==",
      "license": "ISC"
    }
  }
}
