{
  "name": "@positive-numbers/two",
  "version": "1.0.0",
  "lockfileVersion": 3,
  "requires": true,
  "packages": {
    "": {
      "name": "@positive-numbers/two",
      "version": "1.0.0",
      "license": "ISC",
      "dependencies": {
        "integer-value-positive-two": "*"
      }
    },
    "node_modules/desync": {
      "version": "1.1.2",
      "resolved": "https://registry.npmjs.org/desync/-/desync-1.1.2.tgz",
      "integrity": "sha512-kCUPqjrzIa83kAK+r0DO/S+hwYW6g+8ti7VDcON2c/u6PAB7VdEnkeLdOmtDtXOLdEcegAiP08/uKPlnFFGkYA==",
      "license": "MIT"
    },
    "node_modules/es-two": {
      "version": "1.0.0",
      "resolved": "https://registry.npmjs.org/es-two/-/es-two-1.0.0.tgz",
      "integrity": "sha512-Qteca5OTIIMAziBi/pe91QAY8EgO9PWiIaLodUSYZ3Q4vnyjutaWJqcrlgLiShkRkK8VZ+X+jqR0+Uw4G6wEEA==",
      "license": "MIT",
      "dependencies": {
        "literally": "^1.0.0",
        "two-shim": "^1.0.0"
      }
    },
    "node_modules/integer-value-positive-two": {
      "version": "1.0.0",
      "resolved": "https://registry.npmjs.org/integer-value-positive-two/-/integer-value-positive-two-1.0.0.tgz",
      "integrity": "sha512-JAT8d3oZaxXANJC4MXvnhbq321P+MdBbPcnAwHyrOx50dzylidGfIntcaL7zcG2wsNk5kpN1YVQiA6jTzSdoQQ==",
      "license": "MIT",
      "dependencies": {
        "es-two": "^1.0.0"
      }
    },
    "node_modules/literally": {
      "version": "1.0.0",
      "resolved": "https://registry.npmjs.org/literally/-/literally-1.0.0.tgz",
      "integrity": "sha512-TEvA9VwUvk46y4M5quP8MxB0wCbB4vE2l5olRYI0+MTfYB9r0lzvKhnIMuBTf8V25pS/7SsGPpLDPk6v2bjgxA==",
      "license": "MIT",
      "dependencies": {
        "desync": "~1.1.1"
      }
    },
    "node_modules/lodash": {
      "version": "4.17.21",
      "resolved": "https://registry.npmjs.org/lodash/-/lodash-4.17.21.tgz",
      "integrity": "sha512-v2kDEe57lecTulaDIuNTPy3Ry4gLGJ6Z1O3vE1krgXZNrsQ+LFTGHVxVjcXPs17LhbZVGedAJv8XZ1tvj5FvSg==",
      "license": "MIT"
    },
    "node_modules/two": {
      "version": "1.0.7",
      "resolved": "https://registry.npmjs.org/two/-/two-1.0.7.tgz",
      "integrity": "sha512-51CvBH1aNZmWTrdox7Ylv38EVYM/QhJ8CxCi735j+YfSfq+JZ91Cd1UXp0JiVQ0iyurrt/gJqWGydZsoQgjWZQ==",
      "license": "MIT",
      "dependencies": {
        "lodash": "^4.17.21"
      }
    },
    "node_modules/two-shim": {
      "version": "1.0.0",
      "resolved": "https://registry.npmjs.org/two-shim/-/two-shim-1.0.0.tgz",
      "integrity": "sha512-OdI4ukmIGFztI8vDGrKFvTQrSQIWRrkoQNXUoJjlL1uAGT7+lUnIUXeMsnanPAK2sMnB9BKSCPbejZ+h+uBRwg==",
      "license": "MIT",
      "dependencies": {
        "two": "^1.0.1"
      }
    }
  }
}
