{
  "name": "@positive-numbers/twelve",
  "version": "1.0.0",
  "lockfileVersion": 3,
  "requires": true,
  "packages": {
    "": {
      "name": "@positive-numbers/twelve",
      "version": "1.0.0",
      "license": "ISC",
      "dependencies": {
        "tw12ve": "*"
      }
    },
    "node_modules/eleven": {
      "version": "0.0.1",
      "resolved": "https://registry.npmjs.org/eleven/-/eleven-0.0.1.tgz",
      "integrity": "sha512-DFp2ja91n2TevPXXJLjWTB50nb9np9KFMBrqSok0AkKLIBj3EHKNeXLj4uWeWAW/YD3Vu7TKjPu34xjlsKlX3Q==",
      "license": "MIT"
    },
    "node_modules/is-negative": {
      "version": "2.1.0",
      "resolved": "https://registry.npmjs.org/is-negative/-/is-negative-2.1.0.tgz",
      "integrity": "sha512-+iCKT4ZcvjRnjkHnQjZ8/qfciLLGD8BFKS0GNR5VjDU6jEiwh899R0GSMkaYcuTNd7fEKXb3Qib0webe6HczNw==",
      "license": "MIT",
      "engines": {
        "node": ">=0.10.0"
      }
    },
    "node_modules/is-number": {
      "version": "7.0.0",
      "resolved": "https://registry.npmjs.org/is-number/-/is-number-7.0.0.tgz",
      "integrity": "sha512-41Cifkg6e8TylSpdtTpeLVMqvSBEVzTttHvERD741+pnZ8ANv0004MRL43QKPDlK9cGvNp6NZWZUBlbGXYxxng==",
      "license": "MIT",
      "engines": {
        "node": ">=0.12.0"
      }
    },
    "node_modules/lodash.constant": {
      "version": "3.0.0",
      "resolved": "https://registry.npmjs.org/lodash.constant/-/lodash.constant-3.0.0.tgz",
      "integrity": "sha512-X5XMrB+SdI1mFa81162NSTo/YNd23SLdLOLzcXTwS4inDZ5YCL8X67UFzZJAH4CqIa6R8cr56CShfA5K5MFiYQ==",
      "license": "MIT"
    },
    "node_modules/successor": {
      "version": "1.0.1",
      "resolved": "https://registry.npmjs.org/successor/-/successor-1.0.1.tgz",
      "integrity": "sha512-xKiQSxuJBTUIFhDYbkhw2yQR3C6igFo/+OYbLQDjLqtlpthn2TorUyQ0QMrwA8wdQQo8dQqDsibYQvedIsJxNA==",
      "license": "MIT",
      "dependencies": {
        "is-negative": "^2.1.0",
        "is-number": "^7.0.0",
        "true": "^0.0.4"
      }
    },
    "node_modules/true": {
      "version": "0.0.4",
      "resolved": "https://registry.npmjs.org/true/-/true-0.0.4.tgz",
      "integrity": "sha512-e7hkFCda5y51OTE4eQHVPFbuljGnOpzrVcigGM5Pd9+Bw1bEsHCq3mVIm/z/O5Mh1bXtVPNxUV8oCl/dMunlRg==",
      "license": "Apache-2.0",
      "bin": {
        "true": "bin/cli.js"
      }
    },
    "node_modules/tw12ve": {
      "version": "1.0.0",
      "resolved": "https://registry.npmjs.org/tw12ve/-/tw12ve-1.0.0.tgz",
      "integrity": "sha512-ugOy7MUJLe4L5DcWc28avaeTHcCJ45GJgHTdPzEr/6idF0wv0uNVOxMzsXqUzn2lcW9nlI/rifXY9jer/CFcqg==",
      "license": "UNLICENSED",
      "dependencies": {
        "eleven": "^0.0.1",
        "lodash.constant": "^3.0.0",
        "successor": "^1.0.1"
      }
    }
  }
}
