{
  "name": "@positive-numbers/seventeen",
  "version": "1.0.0",
  "lockfileVersion": 3,
  "requires": true,
  "packages": {
    "": {
      "name": "@positive-numbers/seventeen",
      "version": "1.0.0",
      "license": "ISC",
      "dependencies": {
        "seventeen-integer": "*"
      }
    },
    "node_modules/always-thirteen": {
      "version": "1.0.3",
      "resolved": "https://registry.npmjs.org/always-thirteen/-/always-thirteen-1.0.3.tgz",
      "integrity": "sha512-/iOEcrg6APXfpm9V2Cf/5hs3Ub1SssDuqjwdY9lwp/9L7hfl3Co4/G9eFVspspLEG5IrmvcV4665rO+qj13dSw==",
      "license": "ISC"
    },
    "node_modules/compute-hmean": {
      "version": "1.0.0",
      "resolved": "https://registry.npmjs.org/compute-hmean/-/compute-hmean-1.0.0.tgz",
      "integrity": "sha512-6PT9/rUOdxE0p2HZLuG+TOrWcYPfAYsbaQEQp4Em3CjYymMeP00kpL4FFLNzR1xOMdarVQVka+lFvVLby+yG9g=="
    },
    "node_modules/fifteen-kilos": {
      "version": "2.0.0",
      "resolved": "https://registry.npmjs.org/fifteen-kilos/-/fifteen-kilos-2.0.0.tgz",
      "integrity": "sha512-YxiUYqD8xkY+8hMu11Lqlrbde4VAk8SQ5yobuec2mVBUiwFxasEUyaKWNmsoaRaO3lXBJ6YRM2C8+9FoPrIhjw==",
      "license": "MIT"
    },
    "node_modules/fifteen-point-eight-three-five-two-six-six-eight-two-and-so-on": {
      "version": "1.0.0",
      "resolved": "https://registry.npmjs.org/fifteen-point-eight-three-five-two-six-six-eight-two-and-so-on/-/fifteen-point-eight-three-five-two-six-six-eight-two-and-so-on-1.0.0.tgz",
      "integrity": "sha512-YROmA4J4vP0HgN8Qds1lpWNKSDVk85+EPEmFytWmCJc3Pa1IZ4XuuV+YHB0ohNv5h6maqTqY2LvI8R/AlGOVTA==",
      "license": "MIT",
      "dependencies": {
        "always-thirteen": "^1.0.3",
        "compute-hmean": "^1.0.0",
        "fourteen": "^2.0.0",
        "meaning-of-life": "^1.0.0",
        "number-fifteen": "^1.0.0"
      }
    },
    "node_modules/fourteen": {
      "version": "2.0.0",
      "resolved": "https://registry.npmjs.org/fourteen/-/fourteen-2.0.0.tgz",
      "integrity": "sha512-02tlu8TZYwMMN1fwUJOptYZD+WVDbF9I04Z9I6zQTfrk+VERFzoWlhvpiogwddILeg01HxXyGVol3FQwoJ4TJg==",
      "license": "MIT",
      "dependencies": {
        "always-thirteen": "^1.0.3",
        "successor": "^1.0.0"
      }
    },
    "node_modules/is-negative": {
      "version": "2.1.0",
      "resolved": "https://registry.npmjs.org/is-negative/-/is-negative-2.1.0.tgz",
      "integrity": "sha512-+iCKT4ZcvjRnjkHnQjZ8/qfciLLGD8BFKS0GNR5VjDU6jEiwh899R0GSMkaYcuTNd7fEKXb3Qib0webe6HczNw==",
      "license": "MIT",
      "engines": {
        "node": ">=0.10.0"
      }
    },
    "node_modules/is-number": {
      "version": "7.0.0",
      "resolved": "https://registry.npmjs.org/is-number/-/is-number-7.0.0.tgz",
      "integrity": "sha512-41Cifkg6e8TylSpdtTpeLVMqvSBEVzTttHvERD741+pnZ8ANv0004MRL43QKPDlK9cGvNp6NZWZUBlbGXYxxng==",
      "license": "MIT",
      "engines": {
        "node": ">=0.12.0"
      }
    },
    "node_modules/meaning-of-life": {
      "version": "1.0.0",
      "resolved": "https://registry.npmjs.org/meaning-of-life/-/meaning-of-life-1.0.0.tgz",
      "integrity": "sha512-fVA4xSydqtK9owabGcYw1r4EKEsMOVVeYQLeCXPu77Z+8Y2j2B2I16UqZlKIOHnYkJ4RSvpJ00ywy9IWjmuxYw==",
      "license": "ISC"
    },
    "node_modules/number-fifteen": {
      "version": "1.0.0",
      "resolved": "https://registry.npmjs.org/number-fifteen/-/number-fifteen-1.0.0.tgz",
      "integrity": "sha512-tHo4gkPrjk3btwqihVtb/7chiEYMhOZsGY4LqnnWxFTByMWM705Z1hQLGkolk8cwMXf4zAuHTxZiHEoLicbHNw==",
      "license": "MIT",
      "dependencies": {
        "fifteen-kilos": "^2.0.0"
      }
    },
    "node_modules/seventeen-integer": {
      "version": "1.0.0",
      "resolved": "https://registry.npmjs.org/seventeen-integer/-/seventeen-integer-1.0.0.tgz",
      "integrity": "sha512-m9ZzZXRAwDX5eD7jcT2FslBDenShgsHpFLTOeCaJWrTATAwKzN1QGj3EJGxKtSOR9BURURhgXZpyyy2fsdjRwQ==",
      "license": "MIT",
      "dependencies": {
        "sixteen-constant": "^1.0.0",
        "successor": "^1.0.1"
      }
    },
    "node_modules/sixteen-constant": {
      "version": "1.0.0",
      "resolved": "https://registry.npmjs.org/sixteen-constant/-/sixteen-constant-1.0.0.tgz",
      "integrity": "sha512-jsDKUMRSf7foJdywvNRTgSHgAMsXuDaq7agpkAuLGUSjX86ho5HZ2/9t8+Zbi89H/cG/XkwkLJXXUpg+17OvSg==",
      "license": "MIT",
      "dependencies": {
        "fifteen-point-eight-three-five-two-six-six-eight-two-and-so-on": "^1.0.0"
      }
    },
    "node_modules/successor": {
      "version": "1.0.1",
      "resolved": "https://registry.npmjs.org/successor/-/successor-1.0.1.tgz",
      "integrity": "sha512-xKiQSxuJBTUIFhDYbkhw2yQR3C6igFo/+OYbLQDjLqtlpthn2TorUyQ0QMrwA8wdQQo8dQqDsibYQvedIsJxNA==",
      "license": "MIT",
      "dependencies": {
        "is-negative": "^2.1.0",
        "is-number": "^7.0.0",
        "true": "^0.0.4"
      }
    },
    "node_modules/true": {
      "version": "0.0.4",
      "resolved": "https://registry.npmjs.org/true/-/true-0.0.4.tgz",
      "integrity": "sha512-e7hkFCda5y51OTE4eQHVPFbuljGnOpzrVcigGM5Pd9+Bw1bEsHCq3mVIm/z/O5Mh1bXtVPNxUV8oCl/dMunlRg==",
      "license": "Apache-2.0",
      "bin": {
        "true": "bin/cli.js"
      }
    }
  }
}
