{
  "name": "@positive-numbers/twenty-one",
  "version": "1.0.0",
  "lockfileVersion": 3,
  "requires": true,
  "packages": {
    "": {
      "name": "@positive-numbers/twenty-one",
      "version": "1.0.0",
      "license": "ISC",
      "dependencies": {
        "always-21": "*"
      }
    },
    "node_modules/always-21": {
      "version": "1.0.0",
      "resolved": "https://registry.npmjs.org/always-21/-/always-21-1.0.0.tgz",
      "integrity": "sha512-+v0LypDvsfwsnbFNuiWKysFveq5L9tdWbbiOfNQo/Quk0twkknVYXwfHjZF5CiFso0901ugGbDUI3V8wQ/61lQ==",
      "license": "ISC"
    }
  }
}
