{
  "name": "@positive-numbers/one",
  "version": "1.0.0",
  "lockfileVersion": 3,
  "requires": true,
  "packages": {
    "": {
      "name": "@positive-numbers/one",
      "version": "1.0.0",
      "license": "ISC",
      "dependencies": {
        "integer-value-positive-one": "*"
      }
    },
    "node_modules/integer-value-positive-one": {
      "version": "1.0.2",
      "resolved": "https://registry.npmjs.org/integer-value-positive-one/-/integer-value-positive-one-1.0.2.tgz",
      "integrity": "sha512-nSposnekAMigx0WC9L1O2eqPujjxkbRt5hktfzE9gfa7b9dCbonsHWAVRXBFeucJBEVnCOe2084kOcSKpUDPmQ==",
      "license": "MIT",
      "dependencies": {
        "the-number-one": "^1.0.1"
      }
    },
    "node_modules/the-number-one": {
      "version": "1.0.1",
      "resolved": "https://registry.npmjs.org/the-number-one/-/the-number-one-1.0.1.tgz",
      "integrity": "sha512-gDOR0DbPQLlQGZ08didxsZ9iT42qGdex1MAToDdETOksmVDU/eoORx7ov7kgRKBYvocoRmebySuZZQTfoZ7+XA==",
      "license": "MIT"
    }
  }
}
