{
  "name": "@positive-numbers/fifteen",
  "version": "1.0.0",
  "lockfileVersion": 3,
  "requires": true,
  "packages": {
    "": {
      "name": "@positive-numbers/fifteen",
      "version": "1.0.0",
      "license": "ISC",
      "dependencies": {
        "number-fifteen": "*"
      }
    },
    "node_modules/fifteen-kilos": {
      "version": "2.0.0",
      "resolved": "https://registry.npmjs.org/fifteen-kilos/-/fifteen-kilos-2.0.0.tgz",
      "integrity": "sha512-YxiUYqD8xkY+8hMu11Lqlrbde4VAk8SQ5yobuec2mVBUiwFxasEUyaKWNmsoaRaO3lXBJ6YRM2C8+9FoPrIhjw==",
      "license": "MIT"
    },
    "node_modules/number-fifteen": {
      "version": "1.0.0",
      "resolved": "https://registry.npmjs.org/number-fifteen/-/number-fifteen-1.0.0.tgz",
      "integrity": "sha512-tHo4gkPrjk3btwqihVtb/7chiEYMhOZsGY4LqnnWxFTByMWM705Z1hQLGkolk8cwMXf4zAuHTxZiHEoLicbHNw==",
      "license": "MIT",
      "dependencies": {
        "fifteen-kilos": "^2.0.0"
      }
    }
  }
}
