{
  "name": "@positive-numbers/five",
  "version": "1.0.0",
  "lockfileVersion": 3,
  "requires": true,
  "packages": {
    "": {
      "name": "@positive-numbers/five",
      "version": "1.0.0",
      "license": "ISC",
      "dependencies": {
        "integer-value-positive-five": "*"
      }
    },
    "node_modules/five": {
      "version": "0.8.0",
      "resolved": "https://registry.npmjs.org/five/-/five-0.8.0.tgz",
      "integrity": "sha512-kx1sT4ZGNZQfOY31NBPJnbPjQ4BLinR9Wu9pmkUYlwx3A9U9QxJGhk2Ro4Fs2Ayn4tptVep/n8vjydKBVUKHYg==",
      "license": "MIT"
    },
    "node_modules/integer-value-positive-five": {
      "version": "1.0.0",
      "resolved": "https://registry.npmjs.org/integer-value-positive-five/-/integer-value-positive-five-1.0.0.tgz",
      "integrity": "sha512-JjjS77akLapIo/R43iGVQAq9yGRBJsx5yMm4O5MD20aXJ5Mxohg0lt3BLfbKgykdkCSfKuvrHvlSZ0TAvuvUNA==",
      "license": "MIT",
      "dependencies": {
        "five": "^0.8.0"
      }
    }
  }
}
